// !$*UTF8*$!
{
	archiveVersion = 1;
	classes = {
	};
	objectVersion = 56;
	objects = {

/* Begin PBXBuildFile section */
		11D2F1D6A0EDBD19A84EF1C8 /* Pods_VideoLearning_iOS.framework in Frameworks */ = {isa = PBXBuildFile; fileRef = 054C6F849FAD29C4E3468865 /* Pods_VideoLearning_iOS.framework */; };
		9F06289B2C0D78DD00BA567A /* AppDelegate.swift in Sources */ = {isa = PBXBuildFile; fileRef = 9F06289A2C0D78DD00BA567A /* AppDelegate.swift */; };
		9F06289D2C0D78DD00BA567A /* SceneDelegate.swift in Sources */ = {isa = PBXBuildFile; fileRef = 9F06289C2C0D78DD00BA567A /* SceneDelegate.swift */; };
		9F06289F2C0D78DD00BA567A /* ViewController.swift in Sources */ = {isa = PBXBuildFile; fileRef = 9F06289E2C0D78DD00BA567A /* ViewController.swift */; };
		9F0628A22C0D78DD00BA567A /* Base in Resources */ = {isa = PBXBuildFile; fileRef = 9F0628A12C0D78DD00BA567A /* Base */; };
		9F0628A42C0D78DE00BA567A /* Assets.xcassets in Resources */ = {isa = PBXBuildFile; fileRef = 9F0628A32C0D78DE00BA567A /* Assets.xcassets */; };
		9F0628A72C0D78DE00BA567A /* Base in Resources */ = {isa = PBXBuildFile; fileRef = 9F0628A62C0D78DE00BA567A /* Base */; };
/* End PBXBuildFile section */

/* Begin PBXFileReference section */
		054C6F849FAD29C4E3468865 /* Pods_VideoLearning_iOS.framework */ = {isa = PBXFileReference; explicitFileType = wrapper.framework; includeInIndex = 0; path = Pods_VideoLearning_iOS.framework; sourceTree = BUILT_PRODUCTS_DIR; };
		450586510F7C9CD9E5B91805 /* Pods-VideoLearning-iOS.debug.xcconfig */ = {isa = PBXFileReference; includeInIndex = 1; lastKnownFileType = text.xcconfig; name = "Pods-VideoLearning-iOS.debug.xcconfig"; path = "Target Support Files/Pods-VideoLearning-iOS/Pods-VideoLearning-iOS.debug.xcconfig"; sourceTree = "<group>"; };
		5D4DB5B254C8FD77A312F4FE /* Pods-VideoLearning-iOS.release.xcconfig */ = {isa = PBXFileReference; includeInIndex = 1; lastKnownFileType = text.xcconfig; name = "Pods-VideoLearning-iOS.release.xcconfig"; path = "Target Support Files/Pods-VideoLearning-iOS/Pods-VideoLearning-iOS.release.xcconfig"; sourceTree = "<group>"; };
		9F0628972C0D78DD00BA567A /* VideoLearning-iOS.app */ = {isa = PBXFileReference; explicitFileType = wrapper.application; includeInIndex = 0; path = "VideoLearning-iOS.app"; sourceTree = BUILT_PRODUCTS_DIR; };
		9F06289A2C0D78DD00BA567A /* AppDelegate.swift */ = {isa = PBXFileReference; lastKnownFileType = sourcecode.swift; path = AppDelegate.swift; sourceTree = "<group>"; };
		9F06289C2C0D78DD00BA567A /* SceneDelegate.swift */ = {isa = PBXFileReference; lastKnownFileType = sourcecode.swift; path = SceneDelegate.swift; sourceTree = "<group>"; };
		9F06289E2C0D78DD00BA567A /* ViewController.swift */ = {isa = PBXFileReference; lastKnownFileType = sourcecode.swift; path = ViewController.swift; sourceTree = "<group>"; };
		9F0628A12C0D78DD00BA567A /* Base */ = {isa = PBXFileReference; lastKnownFileType = file.storyboard; name = Base; path = Base.lproj/Main.storyboard; sourceTree = "<group>"; };
		9F0628A32C0D78DE00BA567A /* Assets.xcassets */ = {isa = PBXFileReference; lastKnownFileType = folder.assetcatalog; path = Assets.xcassets; sourceTree = "<group>"; };
		9F0628A62C0D78DE00BA567A /* Base */ = {isa = PBXFileReference; lastKnownFileType = file.storyboard; name = Base; path = Base.lproj/LaunchScreen.storyboard; sourceTree = "<group>"; };
		9F0628A82C0D78DE00BA567A /* Info.plist */ = {isa = PBXFileReference; lastKnownFileType = text.plist.xml; path = Info.plist; sourceTree = "<group>"; };
/* End PBXFileReference section */

/* Begin PBXFrameworksBuildPhase section */
		9F0628942C0D78DD00BA567A /* Frameworks */ = {
			isa = PBXFrameworksBuildPhase;
			buildActionMask = 2147483647;
			files = (
				11D2F1D6A0EDBD19A84EF1C8 /* Pods_VideoLearning_iOS.framework in Frameworks */,
			);
			runOnlyForDeploymentPostprocessing = 0;
		};
/* End PBXFrameworksBuildPhase section */

/* Begin PBXGroup section */
		637C6EC552E98395DA80A4C1 /* Frameworks */ = {
			isa = PBXGroup;
			children = (
				054C6F849FAD29C4E3468865 /* Pods_VideoLearning_iOS.framework */,
			);
			name = Frameworks;
			sourceTree = "<group>";
		};
		9F06288E2C0D78DD00BA567A = {
			isa = PBXGroup;
			children = (
				9F0628992C0D78DD00BA567A /* VideoLearning-iOS */,
				9F0628982C0D78DD00BA567A /* Products */,
				C482AAE425D6AC2AB01FAFB6 /* Pods */,
				637C6EC552E98395DA80A4C1 /* Frameworks */,
			);
			sourceTree = "<group>";
		};
		9F0628982C0D78DD00BA567A /* Products */ = {
			isa = PBXGroup;
			children = (
				9F0628972C0D78DD00BA567A /* VideoLearning-iOS.app */,
			);
			name = Products;
			sourceTree = "<group>";
		};
		9F0628992C0D78DD00BA567A /* VideoLearning-iOS */ = {
			isa = PBXGroup;
			children = (
				9F06289A2C0D78DD00BA567A /* AppDelegate.swift */,
				9F06289C2C0D78DD00BA567A /* SceneDelegate.swift */,
				9F06289E2C0D78DD00BA567A /* ViewController.swift */,
				9F0628A02C0D78DD00BA567A /* Main.storyboard */,
				9F0628A32C0D78DE00BA567A /* Assets.xcassets */,
				9F0628A52C0D78DE00BA567A /* LaunchScreen.storyboard */,
				9F0628A82C0D78DE00BA567A /* Info.plist */,
			);
			path = "VideoLearning-iOS";
			sourceTree = "<group>";
		};
		C482AAE425D6AC2AB01FAFB6 /* Pods */ = {
			isa = PBXGroup;
			children = (
				450586510F7C9CD9E5B91805 /* Pods-VideoLearning-iOS.debug.xcconfig */,
				5D4DB5B254C8FD77A312F4FE /* Pods-VideoLearning-iOS.release.xcconfig */,
			);
			name = Pods;
			path = Pods;
			sourceTree = "<group>";
		};
/* End PBXGroup section */

/* Begin PBXNativeTarget section */
		9F0628962C0D78DD00BA567A /* VideoLearning-iOS */ = {
			isa = PBXNativeTarget;
			buildConfigurationList = 9F0628AB2C0D78DE00BA567A /* Build configuration list for PBXNativeTarget "VideoLearning-iOS" */;
			buildPhases = (
				54AD12480B5CECEBFE9188B8 /* [CP] Check Pods Manifest.lock */,
				9F0628932C0D78DD00BA567A /* Sources */,
				9F0628942C0D78DD00BA567A /* Frameworks */,
				9F0628952C0D78DD00BA567A /* Resources */,
				A1C48C140F49F077B9207FD2 /* [CP] Embed Pods Frameworks */,
			);
			buildRules = (
			);
			dependencies = (
			);
			name = "VideoLearning-iOS";
			productName = "VideoLearning-iOS";
			productReference = 9F0628972C0D78DD00BA567A /* VideoLearning-iOS.app */;
			productType = "com.apple.product-type.application";
		};
/* End PBXNativeTarget section */

/* Begin PBXProject section */
		9F06288F2C0D78DD00BA567A /* Project object */ = {
			isa = PBXProject;
			attributes = {
				BuildIndependentTargetsInParallel = 1;
				LastSwiftUpdateCheck = 1530;
				LastUpgradeCheck = 1530;
				TargetAttributes = {
					9F0628962C0D78DD00BA567A = {
						CreatedOnToolsVersion = 15.3;
					};
				};
			};
			buildConfigurationList = 9F0628922C0D78DD00BA567A /* Build configuration list for PBXProject "VideoLearning-iOS" */;
			compatibilityVersion = "Xcode 14.0";
			developmentRegion = en;
			hasScannedForEncodings = 0;
			knownRegions = (
				en,
				Base,
			);
			mainGroup = 9F06288E2C0D78DD00BA567A;
			productRefGroup = 9F0628982C0D78DD00BA567A /* Products */;
			projectDirPath = "";
			projectRoot = "";
			targets = (
				9F0628962C0D78DD00BA567A /* VideoLearning-iOS */,
			);
		};
/* End PBXProject section */

/* Begin PBXResourcesBuildPhase section */
		9F0628952C0D78DD00BA567A /* Resources */ = {
			isa = PBXResourcesBuildPhase;
			buildActionMask = 2147483647;
			files = (
				9F0628A42C0D78DE00BA567A /* Assets.xcassets in Resources */,
				9F0628A72C0D78DE00BA567A /* Base in Resources */,
				9F0628A22C0D78DD00BA567A /* Base in Resources */,
			);
			runOnlyForDeploymentPostprocessing = 0;
		};
/* End PBXResourcesBuildPhase section */

/* Begin PBXShellScriptBuildPhase section */
		54AD12480B5CECEBFE9188B8 /* [CP] Check Pods Manifest.lock */ = {
			isa = PBXShellScriptBuildPhase;
			buildActionMask = 2147483647;
			files = (
			);
			inputFileListPaths = (
			);
			inputPaths = (
				"${PODS_PODFILE_DIR_PATH}/Podfile.lock",
				"${PODS_ROOT}/Manifest.lock",
			);
			name = "[CP] Check Pods Manifest.lock";
			outputFileListPaths = (
			);
			outputPaths = (
				"$(DERIVED_FILE_DIR)/Pods-VideoLearning-iOS-checkManifestLockResult.txt",
			);
			runOnlyForDeploymentPostprocessing = 0;
			shellPath = /bin/sh;
			shellScript = "diff \"${PODS_PODFILE_DIR_PATH}/Podfile.lock\" \"${PODS_ROOT}/Manifest.lock\" > /dev/null\nif [ $? != 0 ] ; then\n    # print error to STDERR\n    echo \"error: The sandbox is not in sync with the Podfile.lock. Run 'pod install' or update your CocoaPods installation.\" >&2\n    exit 1\nfi\n# This output is used by Xcode 'outputs' to avoid re-running this script phase.\necho \"SUCCESS\" > \"${SCRIPT_OUTPUT_FILE_0}\"\n";
			showEnvVarsInLog = 0;
		};
		A1C48C140F49F077B9207FD2 /* [CP] Embed Pods Frameworks */ = {
			isa = PBXShellScriptBuildPhase;
			buildActionMask = 2147483647;
			files = (
			);
			inputFileListPaths = (
				"${PODS_ROOT}/Target Support Files/Pods-VideoLearning-iOS/Pods-VideoLearning-iOS-frameworks-${CONFIGURATION}-input-files.xcfilelist",
			);
			name = "[CP] Embed Pods Frameworks";
			outputFileListPaths = (
				"${PODS_ROOT}/Target Support Files/Pods-VideoLearning-iOS/Pods-VideoLearning-iOS-frameworks-${CONFIGURATION}-output-files.xcfilelist",
			);
			runOnlyForDeploymentPostprocessing = 0;
			shellPath = /bin/sh;
			shellScript = "\"${PODS_ROOT}/Target Support Files/Pods-VideoLearning-iOS/Pods-VideoLearning-iOS-frameworks.sh\"\n";
			showEnvVarsInLog = 0;
		};
/* End PBXShellScriptBuildPhase section */

/* Begin PBXSourcesBuildPhase section */
		9F0628932C0D78DD00BA567A /* Sources */ = {
			isa = PBXSourcesBuildPhase;
			buildActionMask = 2147483647;
			files = (
				9F06289F2C0D78DD00BA567A /* ViewController.swift in Sources */,
				9F06289B2C0D78DD00BA567A /* AppDelegate.swift in Sources */,
				9F06289D2C0D78DD00BA567A /* SceneDelegate.swift in Sources */,
			);
			runOnlyForDeploymentPostprocessing = 0;
		};
/* End PBXSourcesBuildPhase section */

/* Begin PBXVariantGroup section */
		9F0628A02C0D78DD00BA567A /* Main.storyboard */ = {
			isa = PBXVariantGroup;
			children = (
				9F0628A12C0D78DD00BA567A /* Base */,
			);
			name = Main.storyboard;
			sourceTree = "<group>";
		};
		9F0628A52C0D78DE00BA567A /* LaunchScreen.storyboard */ = {
			isa = PBXVariantGroup;
			children = (
				9F0628A62C0D78DE00BA567A /* Base */,
			);
			name = LaunchScreen.storyboard;
			sourceTree = "<group>";
		};
/* End PBXVariantGroup section */

/* Begin XCBuildConfiguration section */
		9F0628A92C0D78DE00BA567A /* Debug */ = {
			isa = XCBuildConfiguration;
			buildSettings = {
				ALWAYS_SEARCH_USER_PATHS = NO;
				ASSETCATALOG_COMPILER_GENERATE_SWIFT_ASSET_SYMBOL_EXTENSIONS = YES;
				CLANG_ANALYZER_NONNULL = YES;
				CLANG_ANALYZER_NUMBER_OBJECT_CONVERSION = YES_AGGRESSIVE;
				CLANG_CXX_LANGUAGE_STANDARD = "gnu++20";
				CLANG_ENABLE_MODULES = YES;
				CLANG_ENABLE_OBJC_ARC = YES;
				CLANG_ENABLE_OBJC_WEAK = YES;
				CLANG_WARN_BLOCK_CAPTURE_AUTORELEASING = YES;
				CLANG_WARN_BOOL_CONVERSION = YES;
				CLANG_WARN_COMMA = YES;
				CLANG_WARN_CONSTANT_CONVERSION = YES;
				CLANG_WARN_DEPRECATED_OBJC_IMPLEMENTATIONS = YES;
				CLANG_WARN_DIRECT_OBJC_ISA_USAGE = YES_ERROR;
				CLANG_WARN_DOCUMENTATION_COMMENTS = YES;
				CLANG_WARN_EMPTY_BODY = YES;
				CLANG_WARN_ENUM_CONVERSION = YES;
				CLANG_WARN_INFINITE_RECURSION = YES;
				CLANG_WARN_INT_CONVERSION = YES;
				CLANG_WARN_NON_LITERAL_NULL_CONVERSION = YES;
				CLANG_WARN_OBJC_IMPLICIT_RETAIN_SELF = YES;
				CLANG_WARN_OBJC_LITERAL_CONVERSION = YES;
				CLANG_WARN_OBJC_ROOT_CLASS = YES_ERROR;
				CLANG_WARN_QUOTED_INCLUDE_IN_FRAMEWORK_HEADER = YES;
				CLANG_WARN_RANGE_LOOP_ANALYSIS = YES;
				CLANG_WARN_STRICT_PROTOTYPES = YES;
				CLANG_WARN_SUSPICIOUS_MOVE = YES;
				CLANG_WARN_UNGUARDED_AVAILABILITY = YES_AGGRESSIVE;
				CLANG_WARN_UNREACHABLE_CODE = YES;
				CLANG_WARN__DUPLICATE_METHOD_MATCH = YES;
				COPY_PHASE_STRIP = NO;
				DEBUG_INFORMATION_FORMAT = dwarf;
				ENABLE_STRICT_OBJC_MSGSEND = YES;
				ENABLE_TESTABILITY = YES;
				ENABLE_USER_SCRIPT_SANDBOXING = YES;
				GCC_C_LANGUAGE_STANDARD = gnu17;
				GCC_DYNAMIC_NO_PIC = NO;
				GCC_NO_COMMON_BLOCKS = YES;
				GCC_OPTIMIZATION_LEVEL = 0;
				GCC_PREPROCESSOR_DEFINITIONS = (
					"DEBUG=1",
					"$(inherited)",
				);
				GCC_WARN_64_TO_32_BIT_CONVERSION = YES;
				GCC_WARN_ABOUT_RETURN_TYPE = YES_ERROR;
				GCC_WARN_UNDECLARED_SELECTOR = YES;
				GCC_WARN_UNINITIALIZED_AUTOS = YES_AGGRESSIVE;
				GCC_WARN_UNUSED_FUNCTION = YES;
				GCC_WARN_UNUSED_VARIABLE = YES;
				IPHONEOS_DEPLOYMENT_TARGET = 17.4;
				LOCALIZATION_PREFERS_STRING_CATALOGS = YES;
				MTL_ENABLE_DEBUG_INFO = INCLUDE_SOURCE;
				MTL_FAST_MATH = YES;
				ONLY_ACTIVE_ARCH = YES;
				SDKROOT = iphoneos;
				SWIFT_ACTIVE_COMPILATION_CONDITIONS = "DEBUG $(inherited)";
				SWIFT_OPTIMIZATION_LEVEL = "-Onone";
			};
			name = Debug;
		};
		9F0628AA2C0D78DE00BA567A /* Release */ = {
			isa = XCBuildConfiguration;
			buildSettings = {
				ALWAYS_SEARCH_USER_PATHS = NO;
				ASSETCATALOG_COMPILER_GENERATE_SWIFT_ASSET_SYMBOL_EXTENSIONS = YES;
				CLANG_ANALYZER_NONNULL = YES;
				CLANG_ANALYZER_NUMBER_OBJECT_CONVERSION = YES_AGGRESSIVE;
				CLANG_CXX_LANGUAGE_STANDARD = "gnu++20";
				CLANG_ENABLE_MODULES = YES;
				CLANG_ENABLE_OBJC_ARC = YES;
				CLANG_ENABLE_OBJC_WEAK = YES;
				CLANG_WARN_BLOCK_CAPTURE_AUTORELEASING = YES;
				CLANG_WARN_BOOL_CONVERSION = YES;
				CLANG_WARN_COMMA = YES;
				CLANG_WARN_CONSTANT_CONVERSION = YES;
				CLANG_WARN_DEPRECATED_OBJC_IMPLEMENTATIONS = YES;
				CLANG_WARN_DIRECT_OBJC_ISA_USAGE = YES_ERROR;
				CLANG_WARN_DOCUMENTATION_COMMENTS = YES;
				CLANG_WARN_EMPTY_BODY = YES;
				CLANG_WARN_ENUM_CONVERSION = YES;
				CLANG_WARN_INFINITE_RECURSION = YES;
				CLANG_WARN_INT_CONVERSION = YES;
				CLANG_WARN_NON_LITERAL_NULL_CONVERSION = YES;
				CLANG_WARN_OBJC_IMPLICIT_RETAIN_SELF = YES;
				CLANG_WARN_OBJC_LITERAL_CONVERSION = YES;
				CLANG_WARN_OBJC_ROOT_CLASS = YES_ERROR;
				CLANG_WARN_QUOTED_INCLUDE_IN_FRAMEWORK_HEADER = YES;
				CLANG_WARN_RANGE_LOOP_ANALYSIS = YES;
				CLANG_WARN_STRICT_PROTOTYPES = YES;
				CLANG_WARN_SUSPICIOUS_MOVE = YES;
				CLANG_WARN_UNGUARDED_AVAILABILITY = YES_AGGRESSIVE;
				CLANG_WARN_UNREACHABLE_CODE = YES;
				CLANG_WARN__DUPLICATE_METHOD_MATCH = YES;
				COPY_PHASE_STRIP = NO;
				DEBUG_INFORMATION_FORMAT = "dwarf-with-dsym";
				ENABLE_NS_ASSERTIONS = NO;
				ENABLE_STRICT_OBJC_MSGSEND = YES;
				ENABLE_USER_SCRIPT_SANDBOXING = YES;
				GCC_C_LANGUAGE_STANDARD = gnu17;
				GCC_NO_COMMON_BLOCKS = YES;
				GCC_WARN_64_TO_32_BIT_CONVERSION = YES;
				GCC_WARN_ABOUT_RETURN_TYPE = YES_ERROR;
				GCC_WARN_UNDECLARED_SELECTOR = YES;
				GCC_WARN_UNINITIALIZED_AUTOS = YES_AGGRESSIVE;
				GCC_WARN_UNUSED_FUNCTION = YES;
				GCC_WARN_UNUSED_VARIABLE = YES;
				IPHONEOS_DEPLOYMENT_TARGET = 17.4;
				LOCALIZATION_PREFERS_STRING_CATALOGS = YES;
				MTL_ENABLE_DEBUG_INFO = NO;
				MTL_FAST_MATH = YES;
				SDKROOT = iphoneos;
				SWIFT_COMPILATION_MODE = wholemodule;
				VALIDATE_PRODUCT = YES;
			};
			name = Release;
		};
		9F0628AC2C0D78DE00BA567A /* Debug */ = {
			isa = XCBuildConfiguration;
			baseConfigurationReference = 450586510F7C9CD9E5B91805 /* Pods-VideoLearning-iOS.debug.xcconfig */;
			buildSettings = {
				ASSETCATALOG_COMPILER_APPICON_NAME = AppIcon;
				ASSETCATALOG_COMPILER_GLOBAL_ACCENT_COLOR_NAME = AccentColor;
				CODE_SIGN_STYLE = Automatic;
				CURRENT_PROJECT_VERSION = 1;
				DEVELOPMENT_TEAM = KBK52YD673;
				GENERATE_INFOPLIST_FILE = YES;
				INFOPLIST_FILE = "VideoLearning-iOS/Info.plist";
				INFOPLIST_KEY_UIApplicationSupportsIndirectInputEvents = YES;
				INFOPLIST_KEY_UILaunchStoryboardName = LaunchScreen;
				INFOPLIST_KEY_UIMainStoryboardFile = Main;
				INFOPLIST_KEY_UISupportedInterfaceOrientations_iPad = "UIInterfaceOrientationPortrait UIInterfaceOrientationPortraitUpsideDown UIInterfaceOrientationLandscapeLeft UIInterfaceOrientationLandscapeRight";
				INFOPLIST_KEY_UISupportedInterfaceOrientations_iPhone = "UIInterfaceOrientationPortrait UIInterfaceOrientationLandscapeLeft UIInterfaceOrientationLandscapeRight";
				LD_RUNPATH_SEARCH_PATHS = (
					"$(inherited)",
					"@executable_path/Frameworks",
				);
				MARKETING_VERSION = 1.0;
				PRODUCT_BUNDLE_IDENTIFIER = "bw.VideoLearning-iOS";
				PRODUCT_NAME = "$(TARGET_NAME)";
				SWIFT_EMIT_LOC_STRINGS = YES;
				SWIFT_VERSION = 5.0;
				TARGETED_DEVICE_FAMILY = "1,2";
			};
			name = Debug;
		};
		9F0628AD2C0D78DE00BA567A /* Release */ = {
			isa = XCBuildConfiguration;
			baseConfigurationReference = 5D4DB5B254C8FD77A312F4FE /* Pods-VideoLearning-iOS.release.xcconfig */;
			buildSettings = {
				ASSETCATALOG_COMPILER_APPICON_NAME = AppIcon;
				ASSETCATALOG_COMPILER_GLOBAL_ACCENT_COLOR_NAME = AccentColor;
				CODE_SIGN_STYLE = Automatic;
				CURRENT_PROJECT_VERSION = 1;
				DEVELOPMENT_TEAM = KBK52YD673;
				GENERATE_INFOPLIST_FILE = YES;
				INFOPLIST_FILE = "VideoLearning-iOS/Info.plist";
				INFOPLIST_KEY_UIApplicationSupportsIndirectInputEvents = YES;
				INFOPLIST_KEY_UILaunchStoryboardName = LaunchScreen;
				INFOPLIST_KEY_UIMainStoryboardFile = Main;
				INFOPLIST_KEY_UISupportedInterfaceOrientations_iPad = "UIInterfaceOrientationPortrait UIInterfaceOrientationPortraitUpsideDown UIInterfaceOrientationLandscapeLeft UIInterfaceOrientationLandscapeRight";
				INFOPLIST_KEY_UISupportedInterfaceOrientations_iPhone = "UIInterfaceOrientationPortrait UIInterfaceOrientationLandscapeLeft UIInterfaceOrientationLandscapeRight";
				LD_RUNPATH_SEARCH_PATHS = (
					"$(inherited)",
					"@executable_path/Frameworks",
				);
				MARKETING_VERSION = 1.0;
				PRODUCT_BUNDLE_IDENTIFIER = "bw.VideoLearning-iOS";
				PRODUCT_NAME = "$(TARGET_NAME)";
				SWIFT_EMIT_LOC_STRINGS = YES;
				SWIFT_VERSION = 5.0;
				TARGETED_DEVICE_FAMILY = "1,2";
			};
			name = Release;
		};
/* End XCBuildConfiguration section */

/* Begin XCConfigurationList section */
		9F0628922C0D78DD00BA567A /* Build configuration list for PBXProject "VideoLearning-iOS" */ = {
			isa = XCConfigurationList;
			buildConfigurations = (
				9F0628A92C0D78DE00BA567A /* Debug */,
				9F0628AA2C0D78DE00BA567A /* Release */,
			);
			defaultConfigurationIsVisible = 0;
			defaultConfigurationName = Release;
		};
		9F0628AB2C0D78DE00BA567A /* Build configuration list for PBXNativeTarget "VideoLearning-iOS" */ = {
			isa = XCConfigurationList;
			buildConfigurations = (
				9F0628AC2C0D78DE00BA567A /* Debug */,
				9F0628AD2C0D78DE00BA567A /* Release */,
			);
			defaultConfigurationIsVisible = 0;
			defaultConfigurationName = Release;
		};
/* End XCConfigurationList section */
	};
	rootObject = 9F06288F2C0D78DD00BA567A /* Project object */;
}
